
Microsoft Visual Studio Solution File, Format Version 12.00
# Visual Studio Version 17
VisualStudioVersion = 17.11.35327.3
MinimumVisualStudioVersion = 10.0.40219.1
Project("{FAE04EC0-301F-11D3-BF4B-00C04F79EFBC}") = "BlockchainAPI", "BlockchainAPI.csproj", "{A7B1B9DE-B03D-4BEA-88D0-C5DF3E6ABD3B}"
EndProject
Global
	GlobalSection(SolutionConfigurationPlatforms) = preSolution
		Debug|Any CPU = Debug|Any CPU
		Release|Any CPU = Release|Any CPU
	EndGlobalSection
	GlobalSection(ProjectConfigurationPlatforms) = postSolution
		{A7B1B9DE-B03D-4BEA-88D0-C5DF3E6ABD3B}.Debug|Any CPU.ActiveCfg = Debug|Any CPU
		{A7B1B9DE-B03D-4BEA-88D0-C5DF3E6ABD3B}.Debug|Any CPU.Build.0 = Debug|Any CPU
		{A7B1B9DE-B03D-4BEA-88D0-C5DF3E6ABD3B}.Release|Any CPU.ActiveCfg = Release|Any CPU
		{A7B1B9DE-B03D-4BEA-88D0-C5DF3E6ABD3B}.Release|Any CPU.Build.0 = Release|Any CPU
	EndGlobalSection
	GlobalSection(SolutionProperties) = preSolution
		HideSolutionNode = FALSE
	EndGlobalSection
	GlobalSection(ExtensibilityGlobals) = postSolution
		SolutionGuid = {88F0B577-173D-46DC-9381-3D7D75AD16B7}
	EndGlobalSection
EndGlobal
